
Microsoft Visual Studio Solution File, Format Version 12.00
# Visual Studio Version 17
VisualStudioVersion = 17.0.31903.59
MinimumVisualStudioVersion = 10.0.40219.1
Project("{FAE04EC0-301F-11D3-BF4B-00C04F79EFBC}") = "API", "API\API.csproj", "{472452BD-1C12-465A-9092-AC1EB9E5B2CC}"
EndProject
Project("{FAE04EC0-301F-11D3-BF4B-00C04F79EFBC}") = "Application", "Application\Application.csproj", "{CE1C556C-E06F-4B00-B110-137231CD5797}"
EndProject
Project("{FAE04EC0-301F-11D3-BF4B-00C04F79EFBC}") = "Domain", "Domain\Domain.csproj", "{0458839D-67B7-4B6F-9E05-ADD59778527C}"
EndProject
Project("{FAE04EC0-301F-11D3-BF4B-00C04F79EFBC}") = "Persistence", "Persistence\Persistence.csproj", "{4B14F923-5B69-47D9-8B31-078C9235EB12}"
EndProject
Global
	GlobalSection(SolutionConfigurationPlatforms) = preSolution
		Debug|Any CPU = Debug|Any CPU
		Release|Any CPU = Release|Any CPU
	EndGlobalSection
	GlobalSection(SolutionProperties) = preSolution
		HideSolutionNode = FALSE
	EndGlobalSection
	GlobalSection(ProjectConfigurationPlatforms) = postSolution
		{472452BD-1C12-465A-9092-AC1EB9E5B2CC}.Debug|Any CPU.ActiveCfg = Debug|Any CPU
		{472452BD-1C12-465A-9092-AC1EB9E5B2CC}.Debug|Any CPU.Build.0 = Debug|Any CPU
		{472452BD-1C12-465A-9092-AC1EB9E5B2CC}.Release|Any CPU.ActiveCfg = Release|Any CPU
		{472452BD-1C12-465A-9092-AC1EB9E5B2CC}.Release|Any CPU.Build.0 = Release|Any CPU
		{CE1C556C-E06F-4B00-B110-137231CD5797}.Debug|Any CPU.ActiveCfg = Debug|Any CPU
		{CE1C556C-E06F-4B00-B110-137231CD5797}.Debug|Any CPU.Build.0 = Debug|Any CPU
		{CE1C556C-E06F-4B00-B110-137231CD5797}.Release|Any CPU.ActiveCfg = Release|Any CPU
		{CE1C556C-E06F-4B00-B110-137231CD5797}.Release|Any CPU.Build.0 = Release|Any CPU
		{0458839D-67B7-4B6F-9E05-ADD59778527C}.Debug|Any CPU.ActiveCfg = Debug|Any CPU
		{0458839D-67B7-4B6F-9E05-ADD59778527C}.Debug|Any CPU.Build.0 = Debug|Any CPU
		{0458839D-67B7-4B6F-9E05-ADD59778527C}.Release|Any CPU.ActiveCfg = Release|Any CPU
		{0458839D-67B7-4B6F-9E05-ADD59778527C}.Release|Any CPU.Build.0 = Release|Any CPU
		{4B14F923-5B69-47D9-8B31-078C9235EB12}.Debug|Any CPU.ActiveCfg = Debug|Any CPU
		{4B14F923-5B69-47D9-8B31-078C9235EB12}.Debug|Any CPU.Build.0 = Debug|Any CPU
		{4B14F923-5B69-47D9-8B31-078C9235EB12}.Release|Any CPU.ActiveCfg = Release|Any CPU
		{4B14F923-5B69-47D9-8B31-078C9235EB12}.Release|Any CPU.Build.0 = Release|Any CPU
	EndGlobalSection
EndGlobal
